// !$*UTF8*$!
{
	archiveVersion = 1;
	classes = {
	};
	objectVersion = 50;
	objects = {

/* Begin PBXBuildFile section */
		16059A3626C279A100F7CBE0 /* SwiftUIComponentToolApp.swift in Sources */ = {isa = PBXBuildFile; fileRef = 16059A3526C279A100F7CBE0 /* SwiftUIComponentToolApp.swift */; };
		16059A3826C279A100F7CBE0 /* ContentView.swift in Sources */ = {isa = PBXBuildFile; fileRef = 16059A3726C279A100F7CBE0 /* ContentView.swift */; };
		16059A3A26C279A400F7CBE0 /* Assets.xcassets in Resources */ = {isa = PBXBuildFile; fileRef = 16059A3926C279A400F7CBE0 /* Assets.xcassets */; };
		16059A3D26C279A400F7CBE0 /* Preview Assets.xcassets in Resources */ = {isa = PBXBuildFile; fileRef = 16059A3C26C279A400F7CBE0 /* Preview Assets.xcassets */; };
		16059A4826C279A400F7CBE0 /* SwiftUIComponentToolTests.swift in Sources */ = {isa = PBXBuildFile; fileRef = 16059A4726C279A400F7CBE0 /* SwiftUIComponentToolTests.swift */; };
		16059A5326C279A400F7CBE0 /* SwiftUIComponentToolUITests.swift in Sources */ = {isa = PBXBuildFile; fileRef = 16059A5226C279A400F7CBE0 /* SwiftUIComponentToolUITests.swift */; };
		16059A6126C27A5800F7CBE0 /* XZTabbarPageView.swift in Sources */ = {isa = PBXBuildFile; fileRef = 16059A6026C27A5800F7CBE0 /* XZTabbarPageView.swift */; };
		1614D61926C3A87A00CBEF70 /* Swiper.swift in Sources */ = {isa = PBXBuildFile; fileRef = 1614D61826C3A87A00CBEF70 /* Swiper.swift */; };
		1614D61B26C3B4F400CBEF70 /* SwiperControl.swift in Sources */ = {isa = PBXBuildFile; fileRef = 1614D61A26C3B4F400CBEF70 /* SwiperControl.swift */; };
		1614D61D26C3B75900CBEF70 /* SwiperView.swift in Sources */ = {isa = PBXBuildFile; fileRef = 1614D61C26C3B75900CBEF70 /* SwiperView.swift */; };
		16C2CA5B26C4BD7300AC1820 /* ArticleListView.swift in Sources */ = {isa = PBXBuildFile; fileRef = 16C2CA5A26C4BD7300AC1820 /* ArticleListView.swift */; };
		16C2CA5D26C4F57B00AC1820 /* XZAsyncImage.swift in Sources */ = {isa = PBXBuildFile; fileRef = 16C2CA5C26C4F57B00AC1820 /* XZAsyncImage.swift */; };
		16C2CA5F26C5088E00AC1820 /* SizePreferenceKey.swift in Sources */ = {isa = PBXBuildFile; fileRef = 16C2CA5E26C5088E00AC1820 /* SizePreferenceKey.swift */; };
		16C2CA6126C50CE500AC1820 /* XZRoundedCorners.swift in Sources */ = {isa = PBXBuildFile; fileRef = 16C2CA6026C50CE500AC1820 /* XZRoundedCorners.swift */; };
		16C2CA6326C5126C00AC1820 /* NetworkRequest.swift in Sources */ = {isa = PBXBuildFile; fileRef = 16C2CA6226C5126C00AC1820 /* NetworkRequest.swift */; };
/* End PBXBuildFile section */

/* Begin PBXContainerItemProxy section */
		16059A4426C279A400F7CBE0 /* PBXContainerItemProxy */ = {
			isa = PBXContainerItemProxy;
			containerPortal = 16059A2A26C279A100F7CBE0 /* Project object */;
			proxyType = 1;
			remoteGlobalIDString = 16059A3126C279A100F7CBE0;
			remoteInfo = SwiftUIComponentTool;
		};
		16059A4F26C279A400F7CBE0 /* PBXContainerItemProxy */ = {
			isa = PBXContainerItemProxy;
			containerPortal = 16059A2A26C279A100F7CBE0 /* Project object */;
			proxyType = 1;
			remoteGlobalIDString = 16059A3126C279A100F7CBE0;
			remoteInfo = SwiftUIComponentTool;
		};
/* End PBXContainerItemProxy section */

/* Begin PBXFileReference section */
		16059A3226C279A100F7CBE0 /* SwiftUIComponentTool.app */ = {isa = PBXFileReference; explicitFileType = wrapper.application; includeInIndex = 0; path = SwiftUIComponentTool.app; sourceTree = BUILT_PRODUCTS_DIR; };
		16059A3526C279A100F7CBE0 /* SwiftUIComponentToolApp.swift */ = {isa = PBXFileReference; lastKnownFileType = sourcecode.swift; path = SwiftUIComponentToolApp.swift; sourceTree = "<group>"; };
		16059A3726C279A100F7CBE0 /* ContentView.swift */ = {isa = PBXFileReference; lastKnownFileType = sourcecode.swift; path = ContentView.swift; sourceTree = "<group>"; };
		16059A3926C279A400F7CBE0 /* Assets.xcassets */ = {isa = PBXFileReference; lastKnownFileType = folder.assetcatalog; path = Assets.xcassets; sourceTree = "<group>"; };
		16059A3C26C279A400F7CBE0 /* Preview Assets.xcassets */ = {isa = PBXFileReference; lastKnownFileType = folder.assetcatalog; path = "Preview Assets.xcassets"; sourceTree = "<group>"; };
		16059A3E26C279A400F7CBE0 /* Info.plist */ = {isa = PBXFileReference; lastKnownFileType = text.plist.xml; path = Info.plist; sourceTree = "<group>"; };
		16059A4326C279A400F7CBE0 /* SwiftUIComponentToolTests.xctest */ = {isa = PBXFileReference; explicitFileType = wrapper.cfbundle; includeInIndex = 0; path = SwiftUIComponentToolTests.xctest; sourceTree = BUILT_PRODUCTS_DIR; };
		16059A4726C279A400F7CBE0 /* SwiftUIComponentToolTests.swift */ = {isa = PBXFileReference; lastKnownFileType = sourcecode.swift; path = SwiftUIComponentToolTests.swift; sourceTree = "<group>"; };
		16059A4926C279A400F7CBE0 /* Info.plist */ = {isa = PBXFileReference; lastKnownFileType = text.plist.xml; path = Info.plist; sourceTree = "<group>"; };
		16059A4E26C279A400F7CBE0 /* SwiftUIComponentToolUITests.xctest */ = {isa = PBXFileReference; explicitFileType = wrapper.cfbundle; includeInIndex = 0; path = SwiftUIComponentToolUITests.xctest; sourceTree = BUILT_PRODUCTS_DIR; };
		16059A5226C279A400F7CBE0 /* SwiftUIComponentToolUITests.swift */ = {isa = PBXFileReference; lastKnownFileType = sourcecode.swift; path = SwiftUIComponentToolUITests.swift; sourceTree = "<group>"; };
		16059A5426C279A400F7CBE0 /* Info.plist */ = {isa = PBXFileReference; lastKnownFileType = text.plist.xml; path = Info.plist; sourceTree = "<group>"; };
		16059A6026C27A5800F7CBE0 /* XZTabbarPageView.swift */ = {isa = PBXFileReference; lastKnownFileType = sourcecode.swift; path = XZTabbarPageView.swift; sourceTree = "<group>"; };
		1614D61826C3A87A00CBEF70 /* Swiper.swift */ = {isa = PBXFileReference; lastKnownFileType = sourcecode.swift; path = Swiper.swift; sourceTree = "<group>"; };
		1614D61A26C3B4F400CBEF70 /* SwiperControl.swift */ = {isa = PBXFileReference; lastKnownFileType = sourcecode.swift; path = SwiperControl.swift; sourceTree = "<group>"; };
		1614D61C26C3B75900CBEF70 /* SwiperView.swift */ = {isa = PBXFileReference; lastKnownFileType = sourcecode.swift; path = SwiperView.swift; sourceTree = "<group>"; };
		16C2CA5A26C4BD7300AC1820 /* ArticleListView.swift */ = {isa = PBXFileReference; lastKnownFileType = sourcecode.swift; path = ArticleListView.swift; sourceTree = "<group>"; };
		16C2CA5C26C4F57B00AC1820 /* XZAsyncImage.swift */ = {isa = PBXFileReference; lastKnownFileType = sourcecode.swift; path = XZAsyncImage.swift; sourceTree = "<group>"; };
		16C2CA5E26C5088E00AC1820 /* SizePreferenceKey.swift */ = {isa = PBXFileReference; lastKnownFileType = sourcecode.swift; path = SizePreferenceKey.swift; sourceTree = "<group>"; };
		16C2CA6026C50CE500AC1820 /* XZRoundedCorners.swift */ = {isa = PBXFileReference; lastKnownFileType = sourcecode.swift; path = XZRoundedCorners.swift; sourceTree = "<group>"; };
		16C2CA6226C5126C00AC1820 /* NetworkRequest.swift */ = {isa = PBXFileReference; lastKnownFileType = sourcecode.swift; path = NetworkRequest.swift; sourceTree = "<group>"; };
/* End PBXFileReference section */

/* Begin PBXFrameworksBuildPhase section */
		16059A2F26C279A100F7CBE0 /* Frameworks */ = {
			isa = PBXFrameworksBuildPhase;
			buildActionMask = 2147483647;
			files = (
			);
			runOnlyForDeploymentPostprocessing = 0;
		};
		16059A4026C279A400F7CBE0 /* Frameworks */ = {
			isa = PBXFrameworksBuildPhase;
			buildActionMask = 2147483647;
			files = (
			);
			runOnlyForDeploymentPostprocessing = 0;
		};
		16059A4B26C279A400F7CBE0 /* Frameworks */ = {
			isa = PBXFrameworksBuildPhase;
			buildActionMask = 2147483647;
			files = (
			);
			runOnlyForDeploymentPostprocessing = 0;
		};
/* End PBXFrameworksBuildPhase section */

/* Begin PBXGroup section */
		16059A2926C279A100F7CBE0 = {
			isa = PBXGroup;
			children = (
				16059A3426C279A100F7CBE0 /* SwiftUIComponentTool */,
				16059A4626C279A400F7CBE0 /* SwiftUIComponentToolTests */,
				16059A5126C279A400F7CBE0 /* SwiftUIComponentToolUITests */,
				16059A3326C279A100F7CBE0 /* Products */,
			);
			sourceTree = "<group>";
		};
		16059A3326C279A100F7CBE0 /* Products */ = {
			isa = PBXGroup;
			children = (
				16059A3226C279A100F7CBE0 /* SwiftUIComponentTool.app */,
				16059A4326C279A400F7CBE0 /* SwiftUIComponentToolTests.xctest */,
				16059A4E26C279A400F7CBE0 /* SwiftUIComponentToolUITests.xctest */,
			);
			name = Products;
			sourceTree = "<group>";
		};
		16059A3426C279A100F7CBE0 /* SwiftUIComponentTool */ = {
			isa = PBXGroup;
			children = (
				1614D61726C3A86400CBEF70 /* Views */,
				16059A3526C279A100F7CBE0 /* SwiftUIComponentToolApp.swift */,
				16059A3726C279A100F7CBE0 /* ContentView.swift */,
				16059A3926C279A400F7CBE0 /* Assets.xcassets */,
				16059A3E26C279A400F7CBE0 /* Info.plist */,
				16059A3B26C279A400F7CBE0 /* Preview Content */,
			);
			path = SwiftUIComponentTool;
			sourceTree = "<group>";
		};
		16059A3B26C279A400F7CBE0 /* Preview Content */ = {
			isa = PBXGroup;
			children = (
				16059A3C26C279A400F7CBE0 /* Preview Assets.xcassets */,
			);
			path = "Preview Content";
			sourceTree = "<group>";
		};
		16059A4626C279A400F7CBE0 /* SwiftUIComponentToolTests */ = {
			isa = PBXGroup;
			children = (
				16059A4726C279A400F7CBE0 /* SwiftUIComponentToolTests.swift */,
				16059A4926C279A400F7CBE0 /* Info.plist */,
			);
			path = SwiftUIComponentToolTests;
			sourceTree = "<group>";
		};
		16059A5126C279A400F7CBE0 /* SwiftUIComponentToolUITests */ = {
			isa = PBXGroup;
			children = (
				16059A5226C279A400F7CBE0 /* SwiftUIComponentToolUITests.swift */,
				16059A5426C279A400F7CBE0 /* Info.plist */,
			);
			path = SwiftUIComponentToolUITests;
			sourceTree = "<group>";
		};
		1614D61726C3A86400CBEF70 /* Views */ = {
			isa = PBXGroup;
			children = (
				16059A6026C27A5800F7CBE0 /* XZTabbarPageView.swift */,
				1614D61826C3A87A00CBEF70 /* Swiper.swift */,
				1614D61A26C3B4F400CBEF70 /* SwiperControl.swift */,
				1614D61C26C3B75900CBEF70 /* SwiperView.swift */,
				16C2CA5A26C4BD7300AC1820 /* ArticleListView.swift */,
				16C2CA5C26C4F57B00AC1820 /* XZAsyncImage.swift */,
				16C2CA5E26C5088E00AC1820 /* SizePreferenceKey.swift */,
				16C2CA6026C50CE500AC1820 /* XZRoundedCorners.swift */,
				16C2CA6226C5126C00AC1820 /* NetworkRequest.swift */,
			);
			path = Views;
			sourceTree = "<group>";
		};
/* End PBXGroup section */

/* Begin PBXNativeTarget section */
		16059A3126C279A100F7CBE0 /* SwiftUIComponentTool */ = {
			isa = PBXNativeTarget;
			buildConfigurationList = 16059A5726C279A400F7CBE0 /* Build configuration list for PBXNativeTarget "SwiftUIComponentTool" */;
			buildPhases = (
				16059A2E26C279A100F7CBE0 /* Sources */,
				16059A2F26C279A100F7CBE0 /* Frameworks */,
				16059A3026C279A100F7CBE0 /* Resources */,
			);
			buildRules = (
			);
			dependencies = (
			);
			name = SwiftUIComponentTool;
			productName = SwiftUIComponentTool;
			productReference = 16059A3226C279A100F7CBE0 /* SwiftUIComponentTool.app */;
			productType = "com.apple.product-type.application";
		};
		16059A4226C279A400F7CBE0 /* SwiftUIComponentToolTests */ = {
			isa = PBXNativeTarget;
			buildConfigurationList = 16059A5A26C279A400F7CBE0 /* Build configuration list for PBXNativeTarget "SwiftUIComponentToolTests" */;
			buildPhases = (
				16059A3F26C279A400F7CBE0 /* Sources */,
				16059A4026C279A400F7CBE0 /* Frameworks */,
				16059A4126C279A400F7CBE0 /* Resources */,
			);
			buildRules = (
			);
			dependencies = (
				16059A4526C279A400F7CBE0 /* PBXTargetDependency */,
			);
			name = SwiftUIComponentToolTests;
			productName = SwiftUIComponentToolTests;
			productReference = 16059A4326C279A400F7CBE0 /* SwiftUIComponentToolTests.xctest */;
			productType = "com.apple.product-type.bundle.unit-test";
		};
		16059A4D26C279A400F7CBE0 /* SwiftUIComponentToolUITests */ = {
			isa = PBXNativeTarget;
			buildConfigurationList = 16059A5D26C279A400F7CBE0 /* Build configuration list for PBXNativeTarget "SwiftUIComponentToolUITests" */;
			buildPhases = (
				16059A4A26C279A400F7CBE0 /* Sources */,
				16059A4B26C279A400F7CBE0 /* Frameworks */,
				16059A4C26C279A400F7CBE0 /* Resources */,
			);
			buildRules = (
			);
			dependencies = (
				16059A5026C279A400F7CBE0 /* PBXTargetDependency */,
			);
			name = SwiftUIComponentToolUITests;
			productName = SwiftUIComponentToolUITests;
			productReference = 16059A4E26C279A400F7CBE0 /* SwiftUIComponentToolUITests.xctest */;
			productType = "com.apple.product-type.bundle.ui-testing";
		};
/* End PBXNativeTarget section */

/* Begin PBXProject section */
		16059A2A26C279A100F7CBE0 /* Project object */ = {
			isa = PBXProject;
			attributes = {
				LastSwiftUpdateCheck = 1250;
				LastUpgradeCheck = 1250;
				TargetAttributes = {
					16059A3126C279A100F7CBE0 = {
						CreatedOnToolsVersion = 12.5.1;
					};
					16059A4226C279A400F7CBE0 = {
						CreatedOnToolsVersion = 12.5.1;
						TestTargetID = 16059A3126C279A100F7CBE0;
					};
					16059A4D26C279A400F7CBE0 = {
						CreatedOnToolsVersion = 12.5.1;
						TestTargetID = 16059A3126C279A100F7CBE0;
					};
				};
			};
			buildConfigurationList = 16059A2D26C279A100F7CBE0 /* Build configuration list for PBXProject "SwiftUIComponentTool" */;
			compatibilityVersion = "Xcode 9.3";
			developmentRegion = en;
			hasScannedForEncodings = 0;
			knownRegions = (
				en,
				Base,
			);
			mainGroup = 16059A2926C279A100F7CBE0;
			productRefGroup = 16059A3326C279A100F7CBE0 /* Products */;
			projectDirPath = "";
			projectRoot = "";
			targets = (
				16059A3126C279A100F7CBE0 /* SwiftUIComponentTool */,
				16059A4226C279A400F7CBE0 /* SwiftUIComponentToolTests */,
				16059A4D26C279A400F7CBE0 /* SwiftUIComponentToolUITests */,
			);
		};
/* End PBXProject section */

/* Begin PBXResourcesBuildPhase section */
		16059A3026C279A100F7CBE0 /* Resources */ = {
			isa = PBXResourcesBuildPhase;
			buildActionMask = 2147483647;
			files = (
				16059A3D26C279A400F7CBE0 /* Preview Assets.xcassets in Resources */,
				16059A3A26C279A400F7CBE0 /* Assets.xcassets in Resources */,
			);
			runOnlyForDeploymentPostprocessing = 0;
		};
		16059A4126C279A400F7CBE0 /* Resources */ = {
			isa = PBXResourcesBuildPhase;
			buildActionMask = 2147483647;
			files = (
			);
			runOnlyForDeploymentPostprocessing = 0;
		};
		16059A4C26C279A400F7CBE0 /* Resources */ = {
			isa = PBXResourcesBuildPhase;
			buildActionMask = 2147483647;
			files = (
			);
			runOnlyForDeploymentPostprocessing = 0;
		};
/* End PBXResourcesBuildPhase section */

/* Begin PBXSourcesBuildPhase section */
		16059A2E26C279A100F7CBE0 /* Sources */ = {
			isa = PBXSourcesBuildPhase;
			buildActionMask = 2147483647;
			files = (
				16C2CA6126C50CE500AC1820 /* XZRoundedCorners.swift in Sources */,
				16059A3826C279A100F7CBE0 /* ContentView.swift in Sources */,
				16C2CA5B26C4BD7300AC1820 /* ArticleListView.swift in Sources */,
				16C2CA5F26C5088E00AC1820 /* SizePreferenceKey.swift in Sources */,
				1614D61926C3A87A00CBEF70 /* Swiper.swift in Sources */,
				1614D61B26C3B4F400CBEF70 /* SwiperControl.swift in Sources */,
				16C2CA5D26C4F57B00AC1820 /* XZAsyncImage.swift in Sources */,
				16059A3626C279A100F7CBE0 /* SwiftUIComponentToolApp.swift in Sources */,
				16C2CA6326C5126C00AC1820 /* NetworkRequest.swift in Sources */,
				1614D61D26C3B75900CBEF70 /* SwiperView.swift in Sources */,
				16059A6126C27A5800F7CBE0 /* XZTabbarPageView.swift in Sources */,
			);
			runOnlyForDeploymentPostprocessing = 0;
		};
		16059A3F26C279A400F7CBE0 /* Sources */ = {
			isa = PBXSourcesBuildPhase;
			buildActionMask = 2147483647;
			files = (
				16059A4826C279A400F7CBE0 /* SwiftUIComponentToolTests.swift in Sources */,
			);
			runOnlyForDeploymentPostprocessing = 0;
		};
		16059A4A26C279A400F7CBE0 /* Sources */ = {
			isa = PBXSourcesBuildPhase;
			buildActionMask = 2147483647;
			files = (
				16059A5326C279A400F7CBE0 /* SwiftUIComponentToolUITests.swift in Sources */,
			);
			runOnlyForDeploymentPostprocessing = 0;
		};
/* End PBXSourcesBuildPhase section */

/* Begin PBXTargetDependency section */
		16059A4526C279A400F7CBE0 /* PBXTargetDependency */ = {
			isa = PBXTargetDependency;
			target = 16059A3126C279A100F7CBE0 /* SwiftUIComponentTool */;
			targetProxy = 16059A4426C279A400F7CBE0 /* PBXContainerItemProxy */;
		};
		16059A5026C279A400F7CBE0 /* PBXTargetDependency */ = {
			isa = PBXTargetDependency;
			target = 16059A3126C279A100F7CBE0 /* SwiftUIComponentTool */;
			targetProxy = 16059A4F26C279A400F7CBE0 /* PBXContainerItemProxy */;
		};
/* End PBXTargetDependency section */

/* Begin XCBuildConfiguration section */
		16059A5526C279A400F7CBE0 /* Debug */ = {
			isa = XCBuildConfiguration;
			buildSettings = {
				ALWAYS_SEARCH_USER_PATHS = NO;
				CLANG_ANALYZER_NONNULL = YES;
				CLANG_ANALYZER_NUMBER_OBJECT_CONVERSION = YES_AGGRESSIVE;
				CLANG_CXX_LANGUAGE_STANDARD = "gnu++14";
				CLANG_CXX_LIBRARY = "libc++";
				CLANG_ENABLE_MODULES = YES;
				CLANG_ENABLE_OBJC_ARC = YES;
				CLANG_ENABLE_OBJC_WEAK = YES;
				CLANG_WARN_BLOCK_CAPTURE_AUTORELEASING = YES;
				CLANG_WARN_BOOL_CONVERSION = YES;
				CLANG_WARN_COMMA = YES;
				CLANG_WARN_CONSTANT_CONVERSION = YES;
				CLANG_WARN_DEPRECATED_OBJC_IMPLEMENTATIONS = YES;
				CLANG_WARN_DIRECT_OBJC_ISA_USAGE = YES_ERROR;
				CLANG_WARN_DOCUMENTATION_COMMENTS = YES;
				CLANG_WARN_EMPTY_BODY = YES;
				CLANG_WARN_ENUM_CONVERSION = YES;
				CLANG_WARN_INFINITE_RECURSION = YES;
				CLANG_WARN_INT_CONVERSION = YES;
				CLANG_WARN_NON_LITERAL_NULL_CONVERSION = YES;
				CLANG_WARN_OBJC_IMPLICIT_RETAIN_SELF = YES;
				CLANG_WARN_OBJC_LITERAL_CONVERSION = YES;
				CLANG_WARN_OBJC_ROOT_CLASS = YES_ERROR;
				CLANG_WARN_QUOTED_INCLUDE_IN_FRAMEWORK_HEADER = YES;
				CLANG_WARN_RANGE_LOOP_ANALYSIS = YES;
				CLANG_WARN_STRICT_PROTOTYPES = YES;
				CLANG_WARN_SUSPICIOUS_MOVE = YES;
				CLANG_WARN_UNGUARDED_AVAILABILITY = YES_AGGRESSIVE;
				CLANG_WARN_UNREACHABLE_CODE = YES;
				CLANG_WARN__DUPLICATE_METHOD_MATCH = YES;
				COPY_PHASE_STRIP = NO;
				DEBUG_INFORMATION_FORMAT = dwarf;
				ENABLE_STRICT_OBJC_MSGSEND = YES;
				ENABLE_TESTABILITY = YES;
				GCC_C_LANGUAGE_STANDARD = gnu11;
				GCC_DYNAMIC_NO_PIC = NO;
				GCC_NO_COMMON_BLOCKS = YES;
				GCC_OPTIMIZATION_LEVEL = 0;
				GCC_PREPROCESSOR_DEFINITIONS = (
					"DEBUG=1",
					"$(inherited)",
				);
				GCC_WARN_64_TO_32_BIT_CONVERSION = YES;
				GCC_WARN_ABOUT_RETURN_TYPE = YES_ERROR;
				GCC_WARN_UNDECLARED_SELECTOR = YES;
				GCC_WARN_UNINITIALIZED_AUTOS = YES_AGGRESSIVE;
				GCC_WARN_UNUSED_FUNCTION = YES;
				GCC_WARN_UNUSED_VARIABLE = YES;
				IPHONEOS_DEPLOYMENT_TARGET = 14.5;
				MTL_ENABLE_DEBUG_INFO = INCLUDE_SOURCE;
				MTL_FAST_MATH = YES;
				ONLY_ACTIVE_ARCH = YES;
				SDKROOT = iphoneos;
				SWIFT_ACTIVE_COMPILATION_CONDITIONS = DEBUG;
				SWIFT_OPTIMIZATION_LEVEL = "-Onone";
			};
			name = Debug;
		};
		16059A5626C279A400F7CBE0 /* Release */ = {
			isa = XCBuildConfiguration;
			buildSettings = {
				ALWAYS_SEARCH_USER_PATHS = NO;
				CLANG_ANALYZER_NONNULL = YES;
				CLANG_ANALYZER_NUMBER_OBJECT_CONVERSION = YES_AGGRESSIVE;
				CLANG_CXX_LANGUAGE_STANDARD = "gnu++14";
				CLANG_CXX_LIBRARY = "libc++";
				CLANG_ENABLE_MODULES = YES;
				CLANG_ENABLE_OBJC_ARC = YES;
				CLANG_ENABLE_OBJC_WEAK = YES;
				CLANG_WARN_BLOCK_CAPTURE_AUTORELEASING = YES;
				CLANG_WARN_BOOL_CONVERSION = YES;
				CLANG_WARN_COMMA = YES;
				CLANG_WARN_CONSTANT_CONVERSION = YES;
				CLANG_WARN_DEPRECATED_OBJC_IMPLEMENTATIONS = YES;
				CLANG_WARN_DIRECT_OBJC_ISA_USAGE = YES_ERROR;
				CLANG_WARN_DOCUMENTATION_COMMENTS = YES;
				CLANG_WARN_EMPTY_BODY = YES;
				CLANG_WARN_ENUM_CONVERSION = YES;
				CLANG_WARN_INFINITE_RECURSION = YES;
				CLANG_WARN_INT_CONVERSION = YES;
				CLANG_WARN_NON_LITERAL_NULL_CONVERSION = YES;
				CLANG_WARN_OBJC_IMPLICIT_RETAIN_SELF = YES;
				CLANG_WARN_OBJC_LITERAL_CONVERSION = YES;
				CLANG_WARN_OBJC_ROOT_CLASS = YES_ERROR;
				CLANG_WARN_QUOTED_INCLUDE_IN_FRAMEWORK_HEADER = YES;
				CLANG_WARN_RANGE_LOOP_ANALYSIS = YES;
				CLANG_WARN_STRICT_PROTOTYPES = YES;
				CLANG_WARN_SUSPICIOUS_MOVE = YES;
				CLANG_WARN_UNGUARDED_AVAILABILITY = YES_AGGRESSIVE;
				CLANG_WARN_UNREACHABLE_CODE = YES;
				CLANG_WARN__DUPLICATE_METHOD_MATCH = YES;
				COPY_PHASE_STRIP = NO;
				DEBUG_INFORMATION_FORMAT = "dwarf-with-dsym";
				ENABLE_NS_ASSERTIONS = NO;
				ENABLE_STRICT_OBJC_MSGSEND = YES;
				GCC_C_LANGUAGE_STANDARD = gnu11;
				GCC_NO_COMMON_BLOCKS = YES;
				GCC_WARN_64_TO_32_BIT_CONVERSION = YES;
				GCC_WARN_ABOUT_RETURN_TYPE = YES_ERROR;
				GCC_WARN_UNDECLARED_SELECTOR = YES;
				GCC_WARN_UNINITIALIZED_AUTOS = YES_AGGRESSIVE;
				GCC_WARN_UNUSED_FUNCTION = YES;
				GCC_WARN_UNUSED_VARIABLE = YES;
				IPHONEOS_DEPLOYMENT_TARGET = 14.5;
				MTL_ENABLE_DEBUG_INFO = NO;
				MTL_FAST_MATH = YES;
				SDKROOT = iphoneos;
				SWIFT_COMPILATION_MODE = wholemodule;
				SWIFT_OPTIMIZATION_LEVEL = "-O";
				VALIDATE_PRODUCT = YES;
			};
			name = Release;
		};
		16059A5826C279A400F7CBE0 /* Debug */ = {
			isa = XCBuildConfiguration;
			buildSettings = {
				ASSETCATALOG_COMPILER_APPICON_NAME = AppIcon;
				ASSETCATALOG_COMPILER_GLOBAL_ACCENT_COLOR_NAME = AccentColor;
				CODE_SIGN_STYLE = Automatic;
				DEVELOPMENT_ASSET_PATHS = "\"SwiftUIComponentTool/Preview Content\"";
				DEVELOPMENT_TEAM = 6JC78V6G2N;
				ENABLE_PREVIEWS = YES;
				INFOPLIST_FILE = SwiftUIComponentTool/Info.plist;
				IPHONEOS_DEPLOYMENT_TARGET = 14.0;
				LD_RUNPATH_SEARCH_PATHS = (
					"$(inherited)",
					"@executable_path/Frameworks",
				);
				PRODUCT_BUNDLE_IDENTIFIER = xuzhou.SwiftUIComponentTool;
				PRODUCT_NAME = "$(TARGET_NAME)";
				SWIFT_VERSION = 5.0;
				TARGETED_DEVICE_FAMILY = "1,2";
			};
			name = Debug;
		};
		16059A5926C279A400F7CBE0 /* Release */ = {
			isa = XCBuildConfiguration;
			buildSettings = {
				ASSETCATALOG_COMPILER_APPICON_NAME = AppIcon;
				ASSETCATALOG_COMPILER_GLOBAL_ACCENT_COLOR_NAME = AccentColor;
				CODE_SIGN_STYLE = Automatic;
				DEVELOPMENT_ASSET_PATHS = "\"SwiftUIComponentTool/Preview Content\"";
				DEVELOPMENT_TEAM = 6JC78V6G2N;
				ENABLE_PREVIEWS = YES;
				INFOPLIST_FILE = SwiftUIComponentTool/Info.plist;
				IPHONEOS_DEPLOYMENT_TARGET = 14.0;
				LD_RUNPATH_SEARCH_PATHS = (
					"$(inherited)",
					"@executable_path/Frameworks",
				);
				PRODUCT_BUNDLE_IDENTIFIER = xuzhou.SwiftUIComponentTool;
				PRODUCT_NAME = "$(TARGET_NAME)";
				SWIFT_VERSION = 5.0;
				TARGETED_DEVICE_FAMILY = "1,2";
			};
			name = Release;
		};
		16059A5B26C279A400F7CBE0 /* Debug */ = {
			isa = XCBuildConfiguration;
			buildSettings = {
				ALWAYS_EMBED_SWIFT_STANDARD_LIBRARIES = YES;
				BUNDLE_LOADER = "$(TEST_HOST)";
				CODE_SIGN_STYLE = Automatic;
				DEVELOPMENT_TEAM = 6JC78V6G2N;
				INFOPLIST_FILE = SwiftUIComponentToolTests/Info.plist;
				IPHONEOS_DEPLOYMENT_TARGET = 14.0;
				LD_RUNPATH_SEARCH_PATHS = (
					"$(inherited)",
					"@executable_path/Frameworks",
					"@loader_path/Frameworks",
				);
				PRODUCT_BUNDLE_IDENTIFIER = xuzhou.SwiftUIComponentToolTests;
				PRODUCT_NAME = "$(TARGET_NAME)";
				SWIFT_VERSION = 5.0;
				TARGETED_DEVICE_FAMILY = "1,2";
				TEST_HOST = "$(BUILT_PRODUCTS_DIR)/SwiftUIComponentTool.app/SwiftUIComponentTool";
			};
			name = Debug;
		};
		16059A5C26C279A400F7CBE0 /* Release */ = {
			isa = XCBuildConfiguration;
			buildSettings = {
				ALWAYS_EMBED_SWIFT_STANDARD_LIBRARIES = YES;
				BUNDLE_LOADER = "$(TEST_HOST)";
				CODE_SIGN_STYLE = Automatic;
				DEVELOPMENT_TEAM = 6JC78V6G2N;
				INFOPLIST_FILE = SwiftUIComponentToolTests/Info.plist;
				IPHONEOS_DEPLOYMENT_TARGET = 14.0;
				LD_RUNPATH_SEARCH_PATHS = (
					"$(inherited)",
					"@executable_path/Frameworks",
					"@loader_path/Frameworks",
				);
				PRODUCT_BUNDLE_IDENTIFIER = xuzhou.SwiftUIComponentToolTests;
				PRODUCT_NAME = "$(TARGET_NAME)";
				SWIFT_VERSION = 5.0;
				TARGETED_DEVICE_FAMILY = "1,2";
				TEST_HOST = "$(BUILT_PRODUCTS_DIR)/SwiftUIComponentTool.app/SwiftUIComponentTool";
			};
			name = Release;
		};
		16059A5E26C279A400F7CBE0 /* Debug */ = {
			isa = XCBuildConfiguration;
			buildSettings = {
				ALWAYS_EMBED_SWIFT_STANDARD_LIBRARIES = YES;
				CODE_SIGN_STYLE = Automatic;
				DEVELOPMENT_TEAM = 6JC78V6G2N;
				INFOPLIST_FILE = SwiftUIComponentToolUITests/Info.plist;
				LD_RUNPATH_SEARCH_PATHS = (
					"$(inherited)",
					"@executable_path/Frameworks",
					"@loader_path/Frameworks",
				);
				PRODUCT_BUNDLE_IDENTIFIER = xuzhou.SwiftUIComponentToolUITests;
				PRODUCT_NAME = "$(TARGET_NAME)";
				SWIFT_VERSION = 5.0;
				TARGETED_DEVICE_FAMILY = "1,2";
				TEST_TARGET_NAME = SwiftUIComponentTool;
			};
			name = Debug;
		};
		16059A5F26C279A400F7CBE0 /* Release */ = {
			isa = XCBuildConfiguration;
			buildSettings = {
				ALWAYS_EMBED_SWIFT_STANDARD_LIBRARIES = YES;
				CODE_SIGN_STYLE = Automatic;
				DEVELOPMENT_TEAM = 6JC78V6G2N;
				INFOPLIST_FILE = SwiftUIComponentToolUITests/Info.plist;
				LD_RUNPATH_SEARCH_PATHS = (
					"$(inherited)",
					"@executable_path/Frameworks",
					"@loader_path/Frameworks",
				);
				PRODUCT_BUNDLE_IDENTIFIER = xuzhou.SwiftUIComponentToolUITests;
				PRODUCT_NAME = "$(TARGET_NAME)";
				SWIFT_VERSION = 5.0;
				TARGETED_DEVICE_FAMILY = "1,2";
				TEST_TARGET_NAME = SwiftUIComponentTool;
			};
			name = Release;
		};
/* End XCBuildConfiguration section */

/* Begin XCConfigurationList section */
		16059A2D26C279A100F7CBE0 /* Build configuration list for PBXProject "SwiftUIComponentTool" */ = {
			isa = XCConfigurationList;
			buildConfigurations = (
				16059A5526C279A400F7CBE0 /* Debug */,
				16059A5626C279A400F7CBE0 /* Release */,
			);
			defaultConfigurationIsVisible = 0;
			defaultConfigurationName = Release;
		};
		16059A5726C279A400F7CBE0 /* Build configuration list for PBXNativeTarget "SwiftUIComponentTool" */ = {
			isa = XCConfigurationList;
			buildConfigurations = (
				16059A5826C279A400F7CBE0 /* Debug */,
				16059A5926C279A400F7CBE0 /* Release */,
			);
			defaultConfigurationIsVisible = 0;
			defaultConfigurationName = Release;
		};
		16059A5A26C279A400F7CBE0 /* Build configuration list for PBXNativeTarget "SwiftUIComponentToolTests" */ = {
			isa = XCConfigurationList;
			buildConfigurations = (
				16059A5B26C279A400F7CBE0 /* Debug */,
				16059A5C26C279A400F7CBE0 /* Release */,
			);
			defaultConfigurationIsVisible = 0;
			defaultConfigurationName = Release;
		};
		16059A5D26C279A400F7CBE0 /* Build configuration list for PBXNativeTarget "SwiftUIComponentToolUITests" */ = {
			isa = XCConfigurationList;
			buildConfigurations = (
				16059A5E26C279A400F7CBE0 /* Debug */,
				16059A5F26C279A400F7CBE0 /* Release */,
			);
			defaultConfigurationIsVisible = 0;
			defaultConfigurationName = Release;
		};
/* End XCConfigurationList section */
	};
	rootObject = 16059A2A26C279A100F7CBE0 /* Project object */;
}
